# This file is automatically @generated by pesde.
# It is not intended for manual editing.
format = 2
name = "word30210/priority_store"
version = "0.1.0"
target = "lune"

[overrides."multitarget>pathfs"]
name = "jiwonz/pathfs"
version = "=0.6.0-rc.8"
index = "default"

[graph."caveful_games/argparse@0.1.2 lune".pkg_ref]
ref_ty = "pesde"
index_url = "https://github.com/pesde-pkg/index"

[graph."caveful_games/argparse@0.1.2 lune".pkg_ref.dependencies]
luau_check = [{ name = "jiwonz/luau_check", version = "^0.2.0", index = "https://github.com/pesde-pkg/index" }, "dev"]
luau_lsp = [{ name = "pesde/luau_lsp", version = "^1.38.0", index = "https://github.com/pesde-pkg/index" }, "dev"]
selene = [{ name = "pesde/selene", version = "^0.27.1", index = "https://github.com/pesde-pkg/index" }, "dev"]
stylua = [{ name = "pesde/stylua", version = "^2.0.2", index = "https://github.com/pesde-pkg/index" }, "dev"]

[graph."caveful_games/table_helper@0.2.0-rc.1 luau".pkg_ref]
ref_ty = "pesde"
index_url = "https://github.com/pesde-pkg/index"

[graph."corecii/greentea@0.4.11 lune".pkg_ref]
ref_ty = "pesde"
index_url = "https://github.com/daimond113/pesde-index"

[graph."itsfrank/frktest@0.0.2 lune"]
direct = ["frktest", { name = "itsfrank/frktest", version = "^0.0.2", index = "default" }, "dev"]

[graph."itsfrank/frktest@0.0.2 lune".pkg_ref]
ref_ty = "pesde"
index_url = "https://github.com/pesde-pkg/index"

[graph."jiwonz/darklua_lune@0.2.0 lune".dependencies]
dirs = ["jiwonz/dirs@0.5.1 lune", "standard"]
greentea = ["corecii/greentea@0.4.11 lune", "standard"]

[graph."jiwonz/darklua_lune@0.2.0 lune".pkg_ref]
ref_ty = "pesde"
index_url = "https://github.com/pesde-pkg/index"

[graph."jiwonz/darklua_lune@0.2.0 lune".pkg_ref.dependencies]
dirs = [{ name = "jiwonz/dirs", version = "^0.5.1", index = "https://github.com/pesde-pkg/index" }, "standard"]
greentea = [{ name = "corecii/greentea", version = "^0.4.11", index = "https://github.com/pesde-pkg/index" }, "standard"]

[graph."jiwonz/dirs@0.5.1 lune".dependencies]
greentea = ["corecii/greentea@0.4.11 lune", "standard"]
pathfs = ["jiwonz/pathfs@0.6.0-rc.8 lune", "standard"]

[graph."jiwonz/dirs@0.5.1 lune".pkg_ref]
ref_ty = "pesde"
index_url = "https://github.com/pesde-pkg/index"

[graph."jiwonz/dirs@0.5.1 lune".pkg_ref.dependencies]
greentea = [{ name = "corecii/greentea", version = "^0.4.10", index = "https://github.com/daimond113/pesde-index" }, "standard"]
pathfs = [{ name = "jiwonz/pathfs", version = "^0.6.0-rc.6", index = "https://github.com/daimond113/pesde-index" }, "standard"]

[graph."jiwonz/glob@0.1.2 lune".dependencies]
globrex_lune = ["kimpure/globrex_lune@0.2.9 lune", "standard"]
pathfs = ["jiwonz/pathfs@0.6.0-rc.8 lune", "standard"]

[graph."jiwonz/glob@0.1.2 lune".pkg_ref]
ref_ty = "pesde"
index_url = "https://github.com/pesde-pkg/index"

[graph."jiwonz/glob@0.1.2 lune".pkg_ref.dependencies]
globrex_lune = [{ name = "kimpure/globrex_lune", version = "^0.2.4", index = "https://github.com/pesde-pkg/index" }, "standard"]
pathfs = [{ name = "jiwonz/pathfs", version = "^0.6.0-rc.3", index = "https://github.com/pesde-pkg/index" }, "standard"]

[graph."jiwonz/luau_disk@0.1.4 luau".pkg_ref]
ref_ty = "pesde"
index_url = "https://github.com/pesde-pkg/index"

[graph."jiwonz/luau_path@0.1.4 luau".dependencies]
luau_disk = ["jiwonz/luau_disk@0.1.4 luau", "standard"]

[graph."jiwonz/luau_path@0.1.4 luau".pkg_ref]
ref_ty = "pesde"
index_url = "https://github.com/daimond113/pesde-index"

[graph."jiwonz/luau_path@0.1.4 luau".pkg_ref.dependencies]
luau_disk = [{ name = "jiwonz/luau_disk", version = "^0.1.4", index = "https://github.com/pesde-pkg/index" }, "standard"]

[graph."jiwonz/luau_regexp@0.1.3 luau".pkg_ref]
ref_ty = "pesde"
index_url = "https://github.com/pesde-pkg/index"

[graph."jiwonz/multitarget@0.4.0-rc.30 lune"]
direct = ["multitarget", { name = "jiwonz/multitarget", version = "^0.4.0-rc.30", index = "default" }, "dev"]

[graph."jiwonz/multitarget@0.4.0-rc.30 lune".dependencies]
argparse = ["caveful_games/argparse@0.1.2 lune", "standard"]
chalk_luau = ["kimpure/chalk_luau@0.1.8 luau", "standard"]
darklua_lune = ["jiwonz/darklua_lune@0.2.0 lune", "standard"]
glob = ["jiwonz/glob@0.1.2 lune", "standard"]
greentea = ["corecii/greentea@0.4.11 lune", "standard"]
pathfs = ["jiwonz/pathfs@0.6.0-rc.8 lune", "standard"]
result = ["lukadev_0/result@1.2.1 lune", "standard"]
table_helper = ["caveful_games/table_helper@0.2.0-rc.1 luau", "standard"]

[graph."jiwonz/multitarget@0.4.0-rc.30 lune".pkg_ref]
ref_ty = "pesde"
index_url = "https://github.com/pesde-pkg/index"

[graph."jiwonz/multitarget@0.4.0-rc.30 lune".pkg_ref.dependencies]
argparse = [{ name = "caveful_games/argparse", version = "^0.1.2", index = "https://github.com/pesde-pkg/index" }, "standard"]
chalk_luau = [{ name = "kimpure/chalk_luau", version = "^0.1.7", index = "https://github.com/pesde-pkg/index", target = "luau" }, "standard"]
darklua_lune = [{ name = "jiwonz/darklua_lune", version = "^0.2.0", index = "https://github.com/pesde-pkg/index" }, "standard"]
glob = [{ name = "jiwonz/glob", version = "^0.1.1", index = "https://github.com/pesde-pkg/index" }, "standard"]
greentea = [{ name = "corecii/greentea", version = "^0.4.11", index = "https://github.com/pesde-pkg/index" }, "standard"]
pathfs = [{ name = "jiwonz/pathfs", version = "^0.6.0-rc.8", index = "https://github.com/pesde-pkg/index" }, "standard"]
result = [{ name = "lukadev_0/result", version = "^1.2.0", index = "https://github.com/pesde-pkg/index" }, "standard"]
table_helper = [{ name = "caveful_games/table_helper", version = "^0.2.0-rc.1", index = "https://github.com/pesde-pkg/index", target = "luau" }, "standard"]

[graph."jiwonz/pathfs@0.6.0-rc.8 lune"]
direct = ["pathfs", { name = "jiwonz/pathfs", version = "=0.6.0-rc.8", index = "default" }, "dev"]

[graph."jiwonz/pathfs@0.6.0-rc.8 lune".dependencies]
greentea = ["corecii/greentea@0.4.11 lune", "standard"]
luau_path = ["jiwonz/luau_path@0.1.4 luau", "standard"]

[graph."jiwonz/pathfs@0.6.0-rc.8 lune".pkg_ref]
ref_ty = "pesde"
index_url = "https://github.com/pesde-pkg/index"

[graph."jiwonz/pathfs@0.6.0-rc.8 lune".pkg_ref.dependencies]
frktest = [{ name = "itsfrank/frktest", version = "^0.0.2", index = "https://github.com/daimond113/pesde-index" }, "dev"]
greentea = [{ name = "corecii/greentea", version = "^0.4.11", index = "https://github.com/daimond113/pesde-index" }, "standard"]
luau_path = [{ name = "jiwonz/luau_path", version = "^0.1.4", index = "https://github.com/daimond113/pesde-index", target = "luau" }, "standard"]

[graph."kimpure/chalk_luau@0.1.8 luau".pkg_ref]
ref_ty = "pesde"
index_url = "https://github.com/pesde-pkg/index"

[graph."kimpure/chalk_luau@0.1.8 luau".pkg_ref.dependencies]
darklua = [{ name = "pesde/darklua", version = "^0.16.0", index = "https://github.com/pesde-pkg/index", target = "lune" }, "dev"]
multitarget = [{ name = "jiwonz/multitarget", version = "^0.4.0-rc.28", index = "https://github.com/pesde-pkg/index", target = "lune" }, "dev"]

[graph."kimpure/globrex_lune@0.2.9 lune".dependencies]
luau_regexp = ["jiwonz/luau_regexp@0.1.3 luau", "standard"]

[graph."kimpure/globrex_lune@0.2.9 lune".pkg_ref]
ref_ty = "pesde"
index_url = "https://github.com/pesde-pkg/index"

[graph."kimpure/globrex_lune@0.2.9 lune".pkg_ref.dependencies]
luau_check = [{ name = "jiwonz/luau_check", version = "^0.2.2", index = "https://github.com/pesde-pkg/index" }, "dev"]
luau_lsp = [{ name = "pesde/luau_lsp", version = "^1.38.1", index = "https://github.com/pesde-pkg/index" }, "dev"]
luau_regexp = [{ name = "jiwonz/luau_regexp", version = "^0.1.0", index = "https://github.com/pesde-pkg/index", target = "luau" }, "standard"]
selene = [{ name = "pesde/selene", version = "^0.27.1", index = "https://github.com/pesde-pkg/index" }, "dev"]
stylua = [{ name = "pesde/stylua", version = "^2.0.2", index = "https://github.com/pesde-pkg/index" }, "dev"]

[graph."lukadev_0/result@1.2.1 lune".pkg_ref]
ref_ty = "pesde"
index_url = "https://github.com/pesde-pkg/index"
